
Microsoft Visual Studio Solution File, Format Version 11.00
# Visual C# Express 2010
Project("{FAE04EC0-301F-11D3-BF4B-00C04F79EFBC}") = "MoxaRuler", "MoxaRuler\MoxaRuler.csproj", "{C8682FC3-B31E-4898-95C1-F3AE28058D84}"
EndProject
Global
	GlobalSection(SolutionConfigurationPlatforms) = preSolution
		Debug|x86 = Debug|x86
		Release|x86 = Release|x86
	EndGlobalSection
	GlobalSection(ProjectConfigurationPlatforms) = postSolution
		{C8682FC3-B31E-4898-95C1-F3AE28058D84}.Debug|x86.ActiveCfg = Debug|x86
		{C8682FC3-B31E-4898-95C1-F3AE28058D84}.Debug|x86.Build.0 = Debug|x86
		{C8682FC3-B31E-4898-95C1-F3AE28058D84}.Release|x86.ActiveCfg = Release|x86
		{C8682FC3-B31E-4898-95C1-F3AE28058D84}.Release|x86.Build.0 = Release|x86
	EndGlobalSection
	GlobalSection(SolutionProperties) = preSolution
		HideSolutionNode = FALSE
	EndGlobalSection
EndGlobal
